{
  "version": 4,
  "terraform_version": "1.9.1",
  "serial": 89,
  "lineage": "fb149351-04e3-537f-f2fc-3fb7f28cb995",
  "outputs": {},
  "resources": [
    {
      "mode": "managed",
      "type": "linode_instance",
      "name": "PFSense",
      "provider": "provider[\"registry.terraform.io/linode/linode\"]",
      "instances": [
        {
          "index_key": 0,
          "schema_version": 0,
          "attributes": {
            "alerts": [
              {
                "cpu": 90,
                "io": 10000,
                "network_in": 10,
                "network_out": 10,
                "transfer_quota": 80
              }
            ],
            "authorized_keys": null,
            "authorized_users": null,
            "backup_id": null,
            "backups": [
              {
                "available": false,
                "enabled": false,
                "schedule": [
                  {
                    "day": "",
                    "window": ""
                  }
                ]
              }
            ],
            "backups_enabled": false,
            "boot_config_label": null,
            "booted": false,
            "config": [],
            "disk": [],
            "disk_encryption": "disabled",
            "firewall_id": null,
            "group": "",
            "has_user_data": false,
            "host_uuid": "69c568c3b8140c17d6c2552e8cdf9cf7894831f3",
            "id": "64778073",
            "image": null,
            "interface": [],
            "ip_address": "172.233.79.59",
            "ipv4": [
              "172.233.79.59"
            ],
            "ipv6": "2400:8905::f03c:95ff:fe7e:66fd/128",
            "label": "PFSense-1",
            "lke_cluster_id": 0,
            "metadata": [],
            "migration_type": "cold",
            "placement_group": [],
            "placement_group_externally_managed": null,
            "private_ip": false,
            "private_ip_address": null,
            "region": "jp-osa",
            "resize_disk": false,
            "root_pass": null,
            "shared_ipv4": [],
            "specs": [
              {
                "disk": 51200,
                "memory": 2048,
                "transfer": 2000,
                "vcpus": 1
              }
            ],
            "stackscript_data": null,
            "stackscript_id": null,
            "status": "offline",
            "swap_size": 0,
            "tags": [
              "Kibou"
            ],
            "timeouts": null,
            "type": "g6-standard-1",
            "watchdog_enabled": true
          },
          "sensitive_attributes": [
            [
              {
                "type": "get_attr",
                "value": "root_pass"
              }
            ],
            [
              {
                "type": "get_attr",
                "value": "stackscript_data"
              }
            ]
          ],
          "private": "eyJlMmJmYjczMC1lY2FhLTExZTYtOGY4OC0zNDM2M2JjN2M0YzAiOnsiY3JlYXRlIjo5MDAwMDAwMDAwMDAsImRlbGV0ZSI6NjAwMDAwMDAwMDAwLCJ1cGRhdGUiOjM2MDAwMDAwMDAwMDB9fQ=="
        },
        {
          "index_key": 1,
          "schema_version": 0,
          "attributes": {
            "alerts": [
              {
                "cpu": 90,
                "io": 10000,
                "network_in": 10,
                "network_out": 10,
                "transfer_quota": 80
              }
            ],
            "authorized_keys": null,
            "authorized_users": null,
            "backup_id": null,
            "backups": [
              {
                "available": false,
                "enabled": false,
                "schedule": [
                  {
                    "day": "",
                    "window": ""
                  }
                ]
              }
            ],
            "backups_enabled": false,
            "boot_config_label": null,
            "booted": false,
            "config": [],
            "disk": [],
            "disk_encryption": "disabled",
            "firewall_id": null,
            "group": "",
            "has_user_data": false,
            "host_uuid": "8e3fb2d6d1ccfa20958b6dd65f4232e7e64e6d49",
            "id": "64778072",
            "image": null,
            "interface": [],
            "ip_address": "172.233.79.12",
            "ipv4": [
              "172.233.79.12"
            ],
            "ipv6": "2400:8905::f03c:95ff:fe7e:6694/128",
            "label": "PFSense-2",
            "lke_cluster_id": 0,
            "metadata": [],
            "migration_type": "cold",
            "placement_group": [],
            "placement_group_externally_managed": null,
            "private_ip": false,
            "private_ip_address": null,
            "region": "jp-osa",
            "resize_disk": false,
            "root_pass": null,
            "shared_ipv4": [],
            "specs": [
              {
                "disk": 51200,
                "memory": 2048,
                "transfer": 2000,
                "vcpus": 1
              }
            ],
            "stackscript_data": null,
            "stackscript_id": null,
            "status": "offline",
            "swap_size": 0,
            "tags": [
              "Kibou"
            ],
            "timeouts": null,
            "type": "g6-standard-1",
            "watchdog_enabled": true
          },
          "sensitive_attributes": [
            [
              {
                "type": "get_attr",
                "value": "stackscript_data"
              }
            ],
            [
              {
                "type": "get_attr",
                "value": "root_pass"
              }
            ]
          ],
          "private": "eyJlMmJmYjczMC1lY2FhLTExZTYtOGY4OC0zNDM2M2JjN2M0YzAiOnsiY3JlYXRlIjo5MDAwMDAwMDAwMDAsImRlbGV0ZSI6NjAwMDAwMDAwMDAwLCJ1cGRhdGUiOjM2MDAwMDAwMDAwMDB9fQ=="
        },
        {
          "index_key": 2,
          "schema_version": 0,
          "attributes": {
            "alerts": [
              {
                "cpu": 90,
                "io": 10000,
                "network_in": 10,
                "network_out": 10,
                "transfer_quota": 80
              }
            ],
            "authorized_keys": null,
            "authorized_users": null,
            "backup_id": null,
            "backups": [
              {
                "available": false,
                "enabled": false,
                "schedule": [
                  {
                    "day": "",
                    "window": ""
                  }
                ]
              }
            ],
            "backups_enabled": false,
            "boot_config_label": null,
            "booted": false,
            "config": [],
            "disk": [],
            "disk_encryption": "disabled",
            "firewall_id": null,
            "group": "",
            "has_user_data": false,
            "host_uuid": "3bdb1a47fa6ddc2f7f51d3be4b96da50e2fde86a",
            "id": "64778069",
            "image": null,
            "interface": [],
            "ip_address": "172.233.84.203",
            "ipv4": [
              "172.233.84.203"
            ],
            "ipv6": "2400:8905::f03c:95ff:fe7e:66ca/128",
            "label": "PFSense-3",
            "lke_cluster_id": 0,
            "metadata": [],
            "migration_type": "cold",
            "placement_group": [],
            "placement_group_externally_managed": null,
            "private_ip": false,
            "private_ip_address": null,
            "region": "jp-osa",
            "resize_disk": false,
            "root_pass": null,
            "shared_ipv4": [],
            "specs": [
              {
                "disk": 51200,
                "memory": 2048,
                "transfer": 2000,
                "vcpus": 1
              }
            ],
            "stackscript_data": null,
            "stackscript_id": null,
            "status": "offline",
            "swap_size": 0,
            "tags": [
              "Kibou"
            ],
            "timeouts": null,
            "type": "g6-standard-1",
            "watchdog_enabled": true
          },
          "sensitive_attributes": [
            [
              {
                "type": "get_attr",
                "value": "root_pass"
              }
            ],
            [
              {
                "type": "get_attr",
                "value": "stackscript_data"
              }
            ]
          ],
          "private": "eyJlMmJmYjczMC1lY2FhLTExZTYtOGY4OC0zNDM2M2JjN2M0YzAiOnsiY3JlYXRlIjo5MDAwMDAwMDAwMDAsImRlbGV0ZSI6NjAwMDAwMDAwMDAwLCJ1cGRhdGUiOjM2MDAwMDAwMDAwMDB9fQ=="
        },
        {
          "index_key": 3,
          "schema_version": 0,
          "attributes": {
            "alerts": [
              {
                "cpu": 90,
                "io": 10000,
                "network_in": 10,
                "network_out": 10,
                "transfer_quota": 80
              }
            ],
            "authorized_keys": null,
            "authorized_users": null,
            "backup_id": null,
            "backups": [
              {
                "available": false,
                "enabled": false,
                "schedule": [
                  {
                    "day": "",
                    "window": ""
                  }
                ]
              }
            ],
            "backups_enabled": false,
            "boot_config_label": null,
            "booted": false,
            "config": [],
            "disk": [],
            "disk_encryption": "disabled",
            "firewall_id": null,
            "group": "",
            "has_user_data": false,
            "host_uuid": "4c086f176a28330d3b73f6181e4e42bfa1f7977a",
            "id": "64778071",
            "image": null,
            "interface": [],
            "ip_address": "172.233.79.220",
            "ipv4": [
              "172.233.79.220"
            ],
            "ipv6": "2400:8905::f03c:95ff:fe7e:6648/128",
            "label": "PFSense-4",
            "lke_cluster_id": 0,
            "metadata": [],
            "migration_type": "cold",
            "placement_group": [],
            "placement_group_externally_managed": null,
            "private_ip": false,
            "private_ip_address": null,
            "region": "jp-osa",
            "resize_disk": false,
            "root_pass": null,
            "shared_ipv4": [],
            "specs": [
              {
                "disk": 51200,
                "memory": 2048,
                "transfer": 2000,
                "vcpus": 1
              }
            ],
            "stackscript_data": null,
            "stackscript_id": null,
            "status": "offline",
            "swap_size": 0,
            "tags": [
              "Kibou"
            ],
            "timeouts": null,
            "type": "g6-standard-1",
            "watchdog_enabled": true
          },
          "sensitive_attributes": [
            [
              {
                "type": "get_attr",
                "value": "stackscript_data"
              }
            ],
            [
              {
                "type": "get_attr",
                "value": "root_pass"
              }
            ]
          ],
          "private": "eyJlMmJmYjczMC1lY2FhLTExZTYtOGY4OC0zNDM2M2JjN2M0YzAiOnsiY3JlYXRlIjo5MDAwMDAwMDAwMDAsImRlbGV0ZSI6NjAwMDAwMDAwMDAwLCJ1cGRhdGUiOjM2MDAwMDAwMDAwMDB9fQ=="
        },
        {
          "index_key": 4,
          "schema_version": 0,
          "attributes": {
            "alerts": [
              {
                "cpu": 90,
                "io": 10000,
                "network_in": 10,
                "network_out": 10,
                "transfer_quota": 80
              }
            ],
            "authorized_keys": null,
            "authorized_users": null,
            "backup_id": null,
            "backups": [
              {
                "available": false,
                "enabled": false,
                "schedule": [
                  {
                    "day": "",
                    "window": ""
                  }
                ]
              }
            ],
            "backups_enabled": false,
            "boot_config_label": null,
            "booted": false,
            "config": [],
            "disk": [],
            "disk_encryption": "disabled",
            "firewall_id": null,
            "group": "",
            "has_user_data": false,
            "host_uuid": "78e6a2c3d3699dc64a7a90edd01277a2bc378316",
            "id": "64778070",
            "image": null,
            "interface": [],
            "ip_address": "172.233.75.34",
            "ipv4": [
              "172.233.75.34"
            ],
            "ipv6": "2400:8905::f03c:95ff:fe7e:6661/128",
            "label": "PFSense-5",
            "lke_cluster_id": 0,
            "metadata": [],
            "migration_type": "cold",
            "placement_group": [],
            "placement_group_externally_managed": null,
            "private_ip": false,
            "private_ip_address": null,
            "region": "jp-osa",
            "resize_disk": false,
            "root_pass": null,
            "shared_ipv4": [],
            "specs": [
              {
                "disk": 51200,
                "memory": 2048,
                "transfer": 2000,
                "vcpus": 1
              }
            ],
            "stackscript_data": null,
            "stackscript_id": null,
            "status": "offline",
            "swap_size": 0,
            "tags": [
              "Kibou"
            ],
            "timeouts": null,
            "type": "g6-standard-1",
            "watchdog_enabled": true
          },
          "sensitive_attributes": [
            [
              {
                "type": "get_attr",
                "value": "stackscript_data"
              }
            ],
            [
              {
                "type": "get_attr",
                "value": "root_pass"
              }
            ]
          ],
          "private": "eyJlMmJmYjczMC1lY2FhLTExZTYtOGY4OC0zNDM2M2JjN2M0YzAiOnsiY3JlYXRlIjo5MDAwMDAwMDAwMDAsImRlbGV0ZSI6NjAwMDAwMDAwMDAwLCJ1cGRhdGUiOjM2MDAwMDAwMDAwMDB9fQ=="
        }
      ]
    },
    {
      "mode": "managed",
      "type": "linode_instance_config",
      "name": "PFSense",
      "provider": "provider[\"registry.terraform.io/linode/linode\"]",
      "instances": [
        {
          "index_key": 0,
          "schema_version": 0,
          "attributes": {
            "booted": false,
            "comments": "",
            "device": [
              {
                "device_name": "sda",
                "disk_id": 126725052,
                "volume_id": null
              }
            ],
            "devices": [
              {
                "sda": [
                  {
                    "disk_id": 126725052,
                    "volume_id": 0
                  }
                ],
                "sdb": [],
                "sdc": [],
                "sdd": [],
                "sde": [],
                "sdf": [],
                "sdg": [],
                "sdh": []
              }
            ],
            "helpers": [
              {
                "devtmpfs_automount": false,
                "distro": false,
                "modules_dep": false,
                "network": true,
                "updatedb_disabled": false
              }
            ],
            "id": "68063229",
            "interface": [
              {
                "active": false,
                "id": 2491303,
                "ip_ranges": null,
                "ipam_address": "",
                "ipv4": [],
                "label": "",
                "primary": false,
                "purpose": "public",
                "subnet_id": 0,
                "vpc_id": 0
              },
              {
                "active": false,
                "id": 2491304,
                "ip_ranges": null,
                "ipam_address": "10.19.89.7/24",
                "ipv4": [],
                "label": "1989",
                "primary": false,
                "purpose": "vlan",
                "subnet_id": 0,
                "vpc_id": 0
              }
            ],
            "kernel": "linode/direct-disk",
            "label": "PFSense",
            "linode_id": 64778073,
            "memory_limit": 0,
            "root_device": "/dev/sda",
            "run_level": "default",
            "virt_mode": "paravirt"
          },
          "sensitive_attributes": [],
          "private": "bnVsbA==",
          "dependencies": [
            "linode_instance.PFSense",
            "linode_instance_disk.PFSense_disk"
          ]
        },
        {
          "index_key": 1,
          "schema_version": 0,
          "attributes": {
            "booted": false,
            "comments": "",
            "device": [
              {
                "device_name": "sda",
                "disk_id": 126725051,
                "volume_id": null
              }
            ],
            "devices": [
              {
                "sda": [
                  {
                    "disk_id": 126725051,
                    "volume_id": 0
                  }
                ],
                "sdb": [],
                "sdc": [],
                "sdd": [],
                "sde": [],
                "sdf": [],
                "sdg": [],
                "sdh": []
              }
            ],
            "helpers": [
              {
                "devtmpfs_automount": false,
                "distro": false,
                "modules_dep": false,
                "network": true,
                "updatedb_disabled": false
              }
            ],
            "id": "68063227",
            "interface": [
              {
                "active": false,
                "id": 2491301,
                "ip_ranges": null,
                "ipam_address": "",
                "ipv4": [],
                "label": "",
                "primary": false,
                "purpose": "public",
                "subnet_id": 0,
                "vpc_id": 0
              },
              {
                "active": false,
                "id": 2491302,
                "ip_ranges": null,
                "ipam_address": "10.19.89.8/24",
                "ipv4": [],
                "label": "1989",
                "primary": false,
                "purpose": "vlan",
                "subnet_id": 0,
                "vpc_id": 0
              }
            ],
            "kernel": "linode/direct-disk",
            "label": "PFSense",
            "linode_id": 64778072,
            "memory_limit": 0,
            "root_device": "/dev/sda",
            "run_level": "default",
            "virt_mode": "paravirt"
          },
          "sensitive_attributes": [],
          "private": "bnVsbA==",
          "dependencies": [
            "linode_instance.PFSense",
            "linode_instance_disk.PFSense_disk"
          ]
        },
        {
          "index_key": 2,
          "schema_version": 0,
          "attributes": {
            "booted": false,
            "comments": "",
            "device": [
              {
                "device_name": "sda",
                "disk_id": 126725049,
                "volume_id": null
              }
            ],
            "devices": [
              {
                "sda": [
                  {
                    "disk_id": 126725049,
                    "volume_id": 0
                  }
                ],
                "sdb": [],
                "sdc": [],
                "sdd": [],
                "sde": [],
                "sdf": [],
                "sdg": [],
                "sdh": []
              }
            ],
            "helpers": [
              {
                "devtmpfs_automount": false,
                "distro": false,
                "modules_dep": false,
                "network": true,
                "updatedb_disabled": false
              }
            ],
            "id": "68063226",
            "interface": [
              {
                "active": false,
                "id": 2491299,
                "ip_ranges": null,
                "ipam_address": "",
                "ipv4": [],
                "label": "",
                "primary": false,
                "purpose": "public",
                "subnet_id": 0,
                "vpc_id": 0
              },
              {
                "active": false,
                "id": 2491300,
                "ip_ranges": null,
                "ipam_address": "10.19.89.9/24",
                "ipv4": [],
                "label": "1989",
                "primary": false,
                "purpose": "vlan",
                "subnet_id": 0,
                "vpc_id": 0
              }
            ],
            "kernel": "linode/direct-disk",
            "label": "PFSense",
            "linode_id": 64778069,
            "memory_limit": 0,
            "root_device": "/dev/sda",
            "run_level": "default",
            "virt_mode": "paravirt"
          },
          "sensitive_attributes": [],
          "private": "bnVsbA==",
          "dependencies": [
            "linode_instance.PFSense",
            "linode_instance_disk.PFSense_disk"
          ]
        },
        {
          "index_key": 3,
          "schema_version": 0,
          "attributes": {
            "booted": false,
            "comments": "",
            "device": [
              {
                "device_name": "sda",
                "disk_id": 126725079,
                "volume_id": null
              }
            ],
            "devices": [
              {
                "sda": [
                  {
                    "disk_id": 126725079,
                    "volume_id": 0
                  }
                ],
                "sdb": [],
                "sdc": [],
                "sdd": [],
                "sde": [],
                "sdf": [],
                "sdg": [],
                "sdh": []
              }
            ],
            "helpers": [
              {
                "devtmpfs_automount": false,
                "distro": false,
                "modules_dep": false,
                "network": true,
                "updatedb_disabled": false
              }
            ],
            "id": "68063228",
            "interface": [
              {
                "active": false,
                "id": 2491305,
                "ip_ranges": null,
                "ipam_address": "",
                "ipv4": [],
                "label": "",
                "primary": false,
                "purpose": "public",
                "subnet_id": 0,
                "vpc_id": 0
              },
              {
                "active": false,
                "id": 2491306,
                "ip_ranges": null,
                "ipam_address": "10.19.89.10/24",
                "ipv4": [],
                "label": "1989",
                "primary": false,
                "purpose": "vlan",
                "subnet_id": 0,
                "vpc_id": 0
              }
            ],
            "kernel": "linode/direct-disk",
            "label": "PFSense",
            "linode_id": 64778071,
            "memory_limit": 0,
            "root_device": "/dev/sda",
            "run_level": "default",
            "virt_mode": "paravirt"
          },
          "sensitive_attributes": [],
          "private": "bnVsbA==",
          "dependencies": [
            "linode_instance.PFSense",
            "linode_instance_disk.PFSense_disk"
          ]
        },
        {
          "index_key": 4,
          "schema_version": 0,
          "attributes": {
            "booted": false,
            "comments": "",
            "device": [
              {
                "device_name": "sda",
                "disk_id": 126725080,
                "volume_id": null
              }
            ],
            "devices": [
              {
                "sda": [
                  {
                    "disk_id": 126725080,
                    "volume_id": 0
                  }
                ],
                "sdb": [],
                "sdc": [],
                "sdd": [],
                "sde": [],
                "sdf": [],
                "sdg": [],
                "sdh": []
              }
            ],
            "helpers": [
              {
                "devtmpfs_automount": false,
                "distro": false,
                "modules_dep": false,
                "network": true,
                "updatedb_disabled": false
              }
            ],
            "id": "68063225",
            "interface": [
              {
                "active": false,
                "id": 2491297,
                "ip_ranges": null,
                "ipam_address": "",
                "ipv4": [],
                "label": "",
                "primary": false,
                "purpose": "public",
                "subnet_id": 0,
                "vpc_id": 0
              },
              {
                "active": false,
                "id": 2491298,
                "ip_ranges": null,
                "ipam_address": "10.19.89.11/24",
                "ipv4": [],
                "label": "1989",
                "primary": false,
                "purpose": "vlan",
                "subnet_id": 0,
                "vpc_id": 0
              }
            ],
            "kernel": "linode/direct-disk",
            "label": "PFSense",
            "linode_id": 64778070,
            "memory_limit": 0,
            "root_device": "/dev/sda",
            "run_level": "default",
            "virt_mode": "paravirt"
          },
          "sensitive_attributes": [],
          "private": "bnVsbA==",
          "dependencies": [
            "linode_instance.PFSense",
            "linode_instance_disk.PFSense_disk"
          ]
        }
      ]
    },
    {
      "mode": "managed",
      "type": "linode_instance_config",
      "name": "installer",
      "provider": "provider[\"registry.terraform.io/linode/linode\"]",
      "instances": [
        {
          "index_key": 0,
          "schema_version": 0,
          "attributes": {
            "booted": false,
            "comments": "",
            "device": [
              {
                "device_name": "sda",
                "disk_id": 126725052,
                "volume_id": null
              },
              {
                "device_name": "sdb",
                "disk_id": 126725078,
                "volume_id": null
              }
            ],
            "devices": [
              {
                "sda": [
                  {
                    "disk_id": 126725052,
                    "volume_id": 0
                  }
                ],
                "sdb": [
                  {
                    "disk_id": 126725078,
                    "volume_id": 0
                  }
                ],
                "sdc": [],
                "sdd": [],
                "sde": [],
                "sdf": [],
                "sdg": [],
                "sdh": []
              }
            ],
            "helpers": [
              {
                "devtmpfs_automount": false,
                "distro": false,
                "modules_dep": false,
                "network": true,
                "updatedb_disabled": false
              }
            ],
            "id": "68063232",
            "interface": [],
            "kernel": "linode/direct-disk",
            "label": "installer",
            "linode_id": 64778073,
            "memory_limit": 0,
            "root_device": "/dev/sdb",
            "run_level": "default",
            "virt_mode": "paravirt"
          },
          "sensitive_attributes": [],
          "private": "bnVsbA==",
          "dependencies": [
            "linode_instance.PFSense",
            "linode_instance_disk.PFSense_disk",
            "linode_instance_disk.installer_disk"
          ]
        },
        {
          "index_key": 1,
          "schema_version": 0,
          "attributes": {
            "booted": false,
            "comments": "",
            "device": [
              {
                "device_name": "sda",
                "disk_id": 126725051,
                "volume_id": null
              },
              {
                "device_name": "sdb",
                "disk_id": 126725077,
                "volume_id": null
              }
            ],
            "devices": [
              {
                "sda": [
                  {
                    "disk_id": 126725051,
                    "volume_id": 0
                  }
                ],
                "sdb": [
                  {
                    "disk_id": 126725077,
                    "volume_id": 0
                  }
                ],
                "sdc": [],
                "sdd": [],
                "sde": [],
                "sdf": [],
                "sdg": [],
                "sdh": []
              }
            ],
            "helpers": [
              {
                "devtmpfs_automount": false,
                "distro": false,
                "modules_dep": false,
                "network": true,
                "updatedb_disabled": false
              }
            ],
            "id": "68063231",
            "interface": [],
            "kernel": "linode/direct-disk",
            "label": "installer",
            "linode_id": 64778072,
            "memory_limit": 0,
            "root_device": "/dev/sdb",
            "run_level": "default",
            "virt_mode": "paravirt"
          },
          "sensitive_attributes": [],
          "private": "bnVsbA==",
          "dependencies": [
            "linode_instance.PFSense",
            "linode_instance_disk.PFSense_disk",
            "linode_instance_disk.installer_disk"
          ]
        },
        {
          "index_key": 2,
          "schema_version": 0,
          "attributes": {
            "booted": false,
            "comments": "",
            "device": [
              {
                "device_name": "sda",
                "disk_id": 126725049,
                "volume_id": null
              },
              {
                "device_name": "sdb",
                "disk_id": 126725076,
                "volume_id": null
              }
            ],
            "devices": [
              {
                "sda": [
                  {
                    "disk_id": 126725049,
                    "volume_id": 0
                  }
                ],
                "sdb": [
                  {
                    "disk_id": 126725076,
                    "volume_id": 0
                  }
                ],
                "sdc": [],
                "sdd": [],
                "sde": [],
                "sdf": [],
                "sdg": [],
                "sdh": []
              }
            ],
            "helpers": [
              {
                "devtmpfs_automount": false,
                "distro": false,
                "modules_dep": false,
                "network": true,
                "updatedb_disabled": false
              }
            ],
            "id": "68063234",
            "interface": [],
            "kernel": "linode/direct-disk",
            "label": "installer",
            "linode_id": 64778069,
            "memory_limit": 0,
            "root_device": "/dev/sdb",
            "run_level": "default",
            "virt_mode": "paravirt"
          },
          "sensitive_attributes": [],
          "private": "bnVsbA==",
          "dependencies": [
            "linode_instance.PFSense",
            "linode_instance_disk.PFSense_disk",
            "linode_instance_disk.installer_disk"
          ]
        },
        {
          "index_key": 3,
          "schema_version": 0,
          "attributes": {
            "booted": false,
            "comments": "",
            "device": [
              {
                "device_name": "sda",
                "disk_id": 126725079,
                "volume_id": null
              },
              {
                "device_name": "sdb",
                "disk_id": 126725048,
                "volume_id": null
              }
            ],
            "devices": [
              {
                "sda": [
                  {
                    "disk_id": 126725079,
                    "volume_id": 0
                  }
                ],
                "sdb": [
                  {
                    "disk_id": 126725048,
                    "volume_id": 0
                  }
                ],
                "sdc": [],
                "sdd": [],
                "sde": [],
                "sdf": [],
                "sdg": [],
                "sdh": []
              }
            ],
            "helpers": [
              {
                "devtmpfs_automount": false,
                "distro": false,
                "modules_dep": false,
                "network": true,
                "updatedb_disabled": false
              }
            ],
            "id": "68063235",
            "interface": [],
            "kernel": "linode/direct-disk",
            "label": "installer",
            "linode_id": 64778071,
            "memory_limit": 0,
            "root_device": "/dev/sdb",
            "run_level": "default",
            "virt_mode": "paravirt"
          },
          "sensitive_attributes": [],
          "private": "bnVsbA==",
          "dependencies": [
            "linode_instance.PFSense",
            "linode_instance_disk.PFSense_disk",
            "linode_instance_disk.installer_disk"
          ]
        },
        {
          "index_key": 4,
          "schema_version": 0,
          "attributes": {
            "booted": false,
            "comments": "",
            "device": [
              {
                "device_name": "sda",
                "disk_id": 126725080,
                "volume_id": null
              },
              {
                "device_name": "sdb",
                "disk_id": 126725050,
                "volume_id": null
              }
            ],
            "devices": [
              {
                "sda": [
                  {
                    "disk_id": 126725080,
                    "volume_id": 0
                  }
                ],
                "sdb": [
                  {
                    "disk_id": 126725050,
                    "volume_id": 0
                  }
                ],
                "sdc": [],
                "sdd": [],
                "sde": [],
                "sdf": [],
                "sdg": [],
                "sdh": []
              }
            ],
            "helpers": [
              {
                "devtmpfs_automount": false,
                "distro": false,
                "modules_dep": false,
                "network": true,
                "updatedb_disabled": false
              }
            ],
            "id": "68063233",
            "interface": [],
            "kernel": "linode/direct-disk",
            "label": "installer",
            "linode_id": 64778070,
            "memory_limit": 0,
            "root_device": "/dev/sdb",
            "run_level": "default",
            "virt_mode": "paravirt"
          },
          "sensitive_attributes": [],
          "private": "bnVsbA==",
          "dependencies": [
            "linode_instance.PFSense",
            "linode_instance_disk.PFSense_disk",
            "linode_instance_disk.installer_disk"
          ]
        }
      ]
    },
    {
      "mode": "managed",
      "type": "linode_instance_disk",
      "name": "PFSense_disk",
      "provider": "provider[\"registry.terraform.io/linode/linode\"]",
      "instances": [
        {
          "index_key": 0,
          "schema_version": 0,
          "attributes": {
            "authorized_keys": null,
            "authorized_users": null,
            "created": "2024-10-03T06:49:12Z",
            "disk_encryption": "disabled",
            "filesystem": "raw",
            "id": "126725052",
            "image": null,
            "label": "PFSense",
            "linode_id": 64778073,
            "root_pass": null,
            "size": 48000,
            "stackscript_data": null,
            "stackscript_id": null,
            "status": "ready",
            "timeouts": null,
            "updated": "2024-10-03T06:49:19Z"
          },
          "sensitive_attributes": [
            [
              {
                "type": "get_attr",
                "value": "stackscript_data"
              }
            ],
            [
              {
                "type": "get_attr",
                "value": "root_pass"
              }
            ]
          ],
          "dependencies": [
            "linode_instance.PFSense"
          ]
        },
        {
          "index_key": 1,
          "schema_version": 0,
          "attributes": {
            "authorized_keys": null,
            "authorized_users": null,
            "created": "2024-10-03T06:49:12Z",
            "disk_encryption": "disabled",
            "filesystem": "raw",
            "id": "126725051",
            "image": null,
            "label": "PFSense",
            "linode_id": 64778072,
            "root_pass": null,
            "size": 48000,
            "stackscript_data": null,
            "stackscript_id": null,
            "status": "ready",
            "timeouts": null,
            "updated": "2024-10-03T06:49:18Z"
          },
          "sensitive_attributes": [
            [
              {
                "type": "get_attr",
                "value": "stackscript_data"
              }
            ],
            [
              {
                "type": "get_attr",
                "value": "root_pass"
              }
            ]
          ],
          "dependencies": [
            "linode_instance.PFSense"
          ]
        },
        {
          "index_key": 2,
          "schema_version": 0,
          "attributes": {
            "authorized_keys": null,
            "authorized_users": null,
            "created": "2024-10-03T06:49:12Z",
            "disk_encryption": "disabled",
            "filesystem": "raw",
            "id": "126725049",
            "image": null,
            "label": "PFSense",
            "linode_id": 64778069,
            "root_pass": null,
            "size": 48000,
            "stackscript_data": null,
            "stackscript_id": null,
            "status": "ready",
            "timeouts": null,
            "updated": "2024-10-03T06:49:22Z"
          },
          "sensitive_attributes": [
            [
              {
                "type": "get_attr",
                "value": "stackscript_data"
              }
            ],
            [
              {
                "type": "get_attr",
                "value": "root_pass"
              }
            ]
          ],
          "dependencies": [
            "linode_instance.PFSense"
          ]
        },
        {
          "index_key": 3,
          "schema_version": 0,
          "attributes": {
            "authorized_keys": null,
            "authorized_users": null,
            "created": "2024-10-03T06:49:43Z",
            "disk_encryption": "disabled",
            "filesystem": "raw",
            "id": "126725079",
            "image": null,
            "label": "PFSense",
            "linode_id": 64778071,
            "root_pass": null,
            "size": 48000,
            "stackscript_data": null,
            "stackscript_id": null,
            "status": "ready",
            "timeouts": null,
            "updated": "2024-10-03T06:49:51Z"
          },
          "sensitive_attributes": [
            [
              {
                "type": "get_attr",
                "value": "root_pass"
              }
            ],
            [
              {
                "type": "get_attr",
                "value": "stackscript_data"
              }
            ]
          ],
          "dependencies": [
            "linode_instance.PFSense"
          ]
        },
        {
          "index_key": 4,
          "schema_version": 0,
          "attributes": {
            "authorized_keys": null,
            "authorized_users": null,
            "created": "2024-10-03T06:49:43Z",
            "disk_encryption": "disabled",
            "filesystem": "raw",
            "id": "126725080",
            "image": null,
            "label": "PFSense",
            "linode_id": 64778070,
            "root_pass": null,
            "size": 48000,
            "stackscript_data": null,
            "stackscript_id": null,
            "status": "ready",
            "timeouts": null,
            "updated": "2024-10-03T06:49:52Z"
          },
          "sensitive_attributes": [
            [
              {
                "type": "get_attr",
                "value": "root_pass"
              }
            ],
            [
              {
                "type": "get_attr",
                "value": "stackscript_data"
              }
            ]
          ],
          "dependencies": [
            "linode_instance.PFSense"
          ]
        }
      ]
    },
    {
      "mode": "managed",
      "type": "linode_instance_disk",
      "name": "installer_disk",
      "provider": "provider[\"registry.terraform.io/linode/linode\"]",
      "instances": [
        {
          "index_key": 0,
          "schema_version": 0,
          "attributes": {
            "authorized_keys": null,
            "authorized_users": null,
            "created": "2024-10-03T06:49:43Z",
            "disk_encryption": "disabled",
            "filesystem": "raw",
            "id": "126725078",
            "image": null,
            "label": "installer",
            "linode_id": 64778073,
            "root_pass": null,
            "size": 2000,
            "stackscript_data": null,
            "stackscript_id": null,
            "status": "ready",
            "timeouts": null,
            "updated": "2024-10-03T06:49:46Z"
          },
          "sensitive_attributes": [
            [
              {
                "type": "get_attr",
                "value": "stackscript_data"
              }
            ],
            [
              {
                "type": "get_attr",
                "value": "root_pass"
              }
            ]
          ],
          "dependencies": [
            "linode_instance.PFSense"
          ]
        },
        {
          "index_key": 1,
          "schema_version": 0,
          "attributes": {
            "authorized_keys": null,
            "authorized_users": null,
            "created": "2024-10-03T06:49:42Z",
            "disk_encryption": "disabled",
            "filesystem": "raw",
            "id": "126725077",
            "image": null,
            "label": "installer",
            "linode_id": 64778072,
            "root_pass": null,
            "size": 2000,
            "stackscript_data": null,
            "stackscript_id": null,
            "status": "ready",
            "timeouts": null,
            "updated": "2024-10-03T06:49:55Z"
          },
          "sensitive_attributes": [
            [
              {
                "type": "get_attr",
                "value": "stackscript_data"
              }
            ],
            [
              {
                "type": "get_attr",
                "value": "root_pass"
              }
            ]
          ],
          "dependencies": [
            "linode_instance.PFSense"
          ]
        },
        {
          "index_key": 2,
          "schema_version": 0,
          "attributes": {
            "authorized_keys": null,
            "authorized_users": null,
            "created": "2024-10-03T06:49:42Z",
            "disk_encryption": "disabled",
            "filesystem": "raw",
            "id": "126725076",
            "image": null,
            "label": "installer",
            "linode_id": 64778069,
            "root_pass": null,
            "size": 2000,
            "stackscript_data": null,
            "stackscript_id": null,
            "status": "ready",
            "timeouts": null,
            "updated": "2024-10-03T06:49:49Z"
          },
          "sensitive_attributes": [
            [
              {
                "type": "get_attr",
                "value": "stackscript_data"
              }
            ],
            [
              {
                "type": "get_attr",
                "value": "root_pass"
              }
            ]
          ],
          "dependencies": [
            "linode_instance.PFSense"
          ]
        },
        {
          "index_key": 3,
          "schema_version": 0,
          "attributes": {
            "authorized_keys": null,
            "authorized_users": null,
            "created": "2024-10-03T06:49:12Z",
            "disk_encryption": "disabled",
            "filesystem": "raw",
            "id": "126725048",
            "image": null,
            "label": "installer",
            "linode_id": 64778071,
            "root_pass": null,
            "size": 2000,
            "stackscript_data": null,
            "stackscript_id": null,
            "status": "ready",
            "timeouts": null,
            "updated": "2024-10-03T06:49:24Z"
          },
          "sensitive_attributes": [
            [
              {
                "type": "get_attr",
                "value": "stackscript_data"
              }
            ],
            [
              {
                "type": "get_attr",
                "value": "root_pass"
              }
            ]
          ],
          "dependencies": [
            "linode_instance.PFSense"
          ]
        },
        {
          "index_key": 4,
          "schema_version": 0,
          "attributes": {
            "authorized_keys": null,
            "authorized_users": null,
            "created": "2024-10-03T06:49:12Z",
            "disk_encryption": "disabled",
            "filesystem": "raw",
            "id": "126725050",
            "image": null,
            "label": "installer",
            "linode_id": 64778070,
            "root_pass": null,
            "size": 2000,
            "stackscript_data": null,
            "stackscript_id": null,
            "status": "ready",
            "timeouts": null,
            "updated": "2024-10-03T06:49:16Z"
          },
          "sensitive_attributes": [
            [
              {
                "type": "get_attr",
                "value": "stackscript_data"
              }
            ],
            [
              {
                "type": "get_attr",
                "value": "root_pass"
              }
            ]
          ],
          "dependencies": [
            "linode_instance.PFSense"
          ]
        }
      ]
    }
  ],
  "check_results": null
}
